
Microsoft Visual Studio Solution File, Format Version 12.00
# Visual Studio Version 17
VisualStudioVersion = 17.3.32901.215
MinimumVisualStudioVersion = 10.0.40219.1
Project("{FAE04EC0-301F-11D3-BF4B-00C04F79EFBC}") = "4praktoszz", "4praktoszz\4praktoszz.csproj", "{6953BAB9-822B-4C29-8DEF-6C02DB32D05B}"
EndProject
Global
	GlobalSection(SolutionConfigurationPlatforms) = preSolution
		Debug|Any CPU = Debug|Any CPU
		Release|Any CPU = Release|Any CPU
	EndGlobalSection
	GlobalSection(ProjectConfigurationPlatforms) = postSolution
		{6953BAB9-822B-4C29-8DEF-6C02DB32D05B}.Debug|Any CPU.ActiveCfg = Debug|Any CPU
		{6953BAB9-822B-4C29-8DEF-6C02DB32D05B}.Debug|Any CPU.Build.0 = Debug|Any CPU
		{6953BAB9-822B-4C29-8DEF-6C02DB32D05B}.Release|Any CPU.ActiveCfg = Release|Any CPU
		{6953BAB9-822B-4C29-8DEF-6C02DB32D05B}.Release|Any CPU.Build.0 = Release|Any CPU
	EndGlobalSection
	GlobalSection(SolutionProperties) = preSolution
		HideSolutionNode = FALSE
	EndGlobalSection
	GlobalSection(ExtensibilityGlobals) = postSolution
		SolutionGuid = {CC3BFEDE-AAB0-47EB-AD0E-B0087B4BB360}
	EndGlobalSection
EndGlobal
